// !$*UTF8*$!
{
	archiveVersion = 1;
	classes = {
	};
	objectVersion = 50;
	objects = {

/* Begin PBXBuildFile section */
		F12E08DC229A8E210046C681 /* submarine-diving-alarm-daniel_simon.mp3 in Resources */ = {isa = PBXBuildFile; fileRef = F12E08DB229A8E200046C681 /* submarine-diving-alarm-daniel_simon.mp3 */; };
		F1B0697C229A7E64008B69EC /* b5dd14e01247494e92bdcf246451ac2d.mlmodel in Sources */ = {isa = PBXBuildFile; fileRef = F1B0697B229A7E64008B69EC /* b5dd14e01247494e92bdcf246451ac2d.mlmodel */; };
		F1D6099E2299C24300537924 /* AppDelegate.swift in Sources */ = {isa = PBXBuildFile; fileRef = F1D6099D2299C24300537924 /* AppDelegate.swift */; };
		F1D609A02299C24300537924 /* ViewController.swift in Sources */ = {isa = PBXBuildFile; fileRef = F1D6099F2299C24300537924 /* ViewController.swift */; };
		F1D609A32299C24300537924 /* Main.storyboard in Resources */ = {isa = PBXBuildFile; fileRef = F1D609A12299C24300537924 /* Main.storyboard */; };
		F1D609A52299C24300537924 /* Assets.xcassets in Resources */ = {isa = PBXBuildFile; fileRef = F1D609A42299C24300537924 /* Assets.xcassets */; };
		F1D609A82299C24300537924 /* LaunchScreen.storyboard in Resources */ = {isa = PBXBuildFile; fileRef = F1D609A62299C24300537924 /* LaunchScreen.storyboard */; };
		F1D609B32299C24300537924 /* DriverSafetyTests.swift in Sources */ = {isa = PBXBuildFile; fileRef = F1D609B22299C24300537924 /* DriverSafetyTests.swift */; };
		F1D609BE2299C24300537924 /* DriverSafetyUITests.swift in Sources */ = {isa = PBXBuildFile; fileRef = F1D609BD2299C24300537924 /* DriverSafetyUITests.swift */; };
/* End PBXBuildFile section */

/* Begin PBXContainerItemProxy section */
		F1D609AF2299C24300537924 /* PBXContainerItemProxy */ = {
			isa = PBXContainerItemProxy;
			containerPortal = F1D609922299C24200537924 /* Project object */;
			proxyType = 1;
			remoteGlobalIDString = F1D609992299C24200537924;
			remoteInfo = DriverSafety;
		};
		F1D609BA2299C24300537924 /* PBXContainerItemProxy */ = {
			isa = PBXContainerItemProxy;
			containerPortal = F1D609922299C24200537924 /* Project object */;
			proxyType = 1;
			remoteGlobalIDString = F1D609992299C24200537924;
			remoteInfo = DriverSafety;
		};
/* End PBXContainerItemProxy section */

/* Begin PBXFileReference section */
		F12E08DB229A8E200046C681 /* submarine-diving-alarm-daniel_simon.mp3 */ = {isa = PBXFileReference; lastKnownFileType = audio.mp3; name = "submarine-diving-alarm-daniel_simon.mp3"; path = "../../../Downloads/submarine-diving-alarm-daniel_simon.mp3"; sourceTree = "<group>"; };
		F1B0697B229A7E64008B69EC /* b5dd14e01247494e92bdcf246451ac2d.mlmodel */ = {isa = PBXFileReference; lastKnownFileType = file.mlmodel; name = b5dd14e01247494e92bdcf246451ac2d.mlmodel; path = ../../../Downloads/b5dd14e01247494e92bdcf246451ac2d.mlmodel; sourceTree = "<group>"; };
		F1D6099A2299C24300537924 /* DriverSafety.app */ = {isa = PBXFileReference; explicitFileType = wrapper.application; includeInIndex = 0; path = DriverSafety.app; sourceTree = BUILT_PRODUCTS_DIR; };
		F1D6099D2299C24300537924 /* AppDelegate.swift */ = {isa = PBXFileReference; lastKnownFileType = sourcecode.swift; path = AppDelegate.swift; sourceTree = "<group>"; };
		F1D6099F2299C24300537924 /* ViewController.swift */ = {isa = PBXFileReference; lastKnownFileType = sourcecode.swift; path = ViewController.swift; sourceTree = "<group>"; };
		F1D609A22299C24300537924 /* Base */ = {isa = PBXFileReference; lastKnownFileType = file.storyboard; name = Base; path = Base.lproj/Main.storyboard; sourceTree = "<group>"; };
		F1D609A42299C24300537924 /* Assets.xcassets */ = {isa = PBXFileReference; lastKnownFileType = folder.assetcatalog; path = Assets.xcassets; sourceTree = "<group>"; };
		F1D609A72299C24300537924 /* Base */ = {isa = PBXFileReference; lastKnownFileType = file.storyboard; name = Base; path = Base.lproj/LaunchScreen.storyboard; sourceTree = "<group>"; };
		F1D609A92299C24300537924 /* Info.plist */ = {isa = PBXFileReference; lastKnownFileType = text.plist.xml; path = Info.plist; sourceTree = "<group>"; };
		F1D609AE2299C24300537924 /* DriverSafetyTests.xctest */ = {isa = PBXFileReference; explicitFileType = wrapper.cfbundle; includeInIndex = 0; path = DriverSafetyTests.xctest; sourceTree = BUILT_PRODUCTS_DIR; };
		F1D609B22299C24300537924 /* DriverSafetyTests.swift */ = {isa = PBXFileReference; lastKnownFileType = sourcecode.swift; path = DriverSafetyTests.swift; sourceTree = "<group>"; };
		F1D609B42299C24300537924 /* Info.plist */ = {isa = PBXFileReference; lastKnownFileType = text.plist.xml; path = Info.plist; sourceTree = "<group>"; };
		F1D609B92299C24300537924 /* DriverSafetyUITests.xctest */ = {isa = PBXFileReference; explicitFileType = wrapper.cfbundle; includeInIndex = 0; path = DriverSafetyUITests.xctest; sourceTree = BUILT_PRODUCTS_DIR; };
		F1D609BD2299C24300537924 /* DriverSafetyUITests.swift */ = {isa = PBXFileReference; lastKnownFileType = sourcecode.swift; path = DriverSafetyUITests.swift; sourceTree = "<group>"; };
		F1D609BF2299C24300537924 /* Info.plist */ = {isa = PBXFileReference; lastKnownFileType = text.plist.xml; path = Info.plist; sourceTree = "<group>"; };
/* End PBXFileReference section */

/* Begin PBXFrameworksBuildPhase section */
		F1D609972299C24200537924 /* Frameworks */ = {
			isa = PBXFrameworksBuildPhase;
			buildActionMask = 2147483647;
			files = (
			);
			runOnlyForDeploymentPostprocessing = 0;
		};
		F1D609AB2299C24300537924 /* Frameworks */ = {
			isa = PBXFrameworksBuildPhase;
			buildActionMask = 2147483647;
			files = (
			);
			runOnlyForDeploymentPostprocessing = 0;
		};
		F1D609B62299C24300537924 /* Frameworks */ = {
			isa = PBXFrameworksBuildPhase;
			buildActionMask = 2147483647;
			files = (
			);
			runOnlyForDeploymentPostprocessing = 0;
		};
/* End PBXFrameworksBuildPhase section */

/* Begin PBXGroup section */
		F1D609912299C24200537924 = {
			isa = PBXGroup;
			children = (
				F1D6099C2299C24300537924 /* DriverSafety */,
				F1D609B12299C24300537924 /* DriverSafetyTests */,
				F1D609BC2299C24300537924 /* DriverSafetyUITests */,
				F1D6099B2299C24300537924 /* Products */,
			);
			sourceTree = "<group>";
		};
		F1D6099B2299C24300537924 /* Products */ = {
			isa = PBXGroup;
			children = (
				F1D6099A2299C24300537924 /* DriverSafety.app */,
				F1D609AE2299C24300537924 /* DriverSafetyTests.xctest */,
				F1D609B92299C24300537924 /* DriverSafetyUITests.xctest */,
			);
			name = Products;
			sourceTree = "<group>";
		};
		F1D6099C2299C24300537924 /* DriverSafety */ = {
			isa = PBXGroup;
			children = (
				F1D6099D2299C24300537924 /* AppDelegate.swift */,
				F1D6099F2299C24300537924 /* ViewController.swift */,
				F1D609A12299C24300537924 /* Main.storyboard */,
				F12E08DB229A8E200046C681 /* submarine-diving-alarm-daniel_simon.mp3 */,
				F1B0697B229A7E64008B69EC /* b5dd14e01247494e92bdcf246451ac2d.mlmodel */,
				F1D609A42299C24300537924 /* Assets.xcassets */,
				F1D609A62299C24300537924 /* LaunchScreen.storyboard */,
				F1D609A92299C24300537924 /* Info.plist */,
			);
			path = DriverSafety;
			sourceTree = "<group>";
		};
		F1D609B12299C24300537924 /* DriverSafetyTests */ = {
			isa = PBXGroup;
			children = (
				F1D609B22299C24300537924 /* DriverSafetyTests.swift */,
				F1D609B42299C24300537924 /* Info.plist */,
			);
			path = DriverSafetyTests;
			sourceTree = "<group>";
		};
		F1D609BC2299C24300537924 /* DriverSafetyUITests */ = {
			isa = PBXGroup;
			children = (
				F1D609BD2299C24300537924 /* DriverSafetyUITests.swift */,
				F1D609BF2299C24300537924 /* Info.plist */,
			);
			path = DriverSafetyUITests;
			sourceTree = "<group>";
		};
/* End PBXGroup section */

/* Begin PBXNativeTarget section */
		F1D609992299C24200537924 /* DriverSafety */ = {
			isa = PBXNativeTarget;
			buildConfigurationList = F1D609C22299C24300537924 /* Build configuration list for PBXNativeTarget "DriverSafety" */;
			buildPhases = (
				F1D609962299C24200537924 /* Sources */,
				F1D609972299C24200537924 /* Frameworks */,
				F1D609982299C24200537924 /* Resources */,
			);
			buildRules = (
			);
			dependencies = (
			);
			name = DriverSafety;
			productName = DriverSafety;
			productReference = F1D6099A2299C24300537924 /* DriverSafety.app */;
			productType = "com.apple.product-type.application";
		};
		F1D609AD2299C24300537924 /* DriverSafetyTests */ = {
			isa = PBXNativeTarget;
			buildConfigurationList = F1D609C52299C24300537924 /* Build configuration list for PBXNativeTarget "DriverSafetyTests" */;
			buildPhases = (
				F1D609AA2299C24300537924 /* Sources */,
				F1D609AB2299C24300537924 /* Frameworks */,
				F1D609AC2299C24300537924 /* Resources */,
			);
			buildRules = (
			);
			dependencies = (
				F1D609B02299C24300537924 /* PBXTargetDependency */,
			);
			name = DriverSafetyTests;
			productName = DriverSafetyTests;
			productReference = F1D609AE2299C24300537924 /* DriverSafetyTests.xctest */;
			productType = "com.apple.product-type.bundle.unit-test";
		};
		F1D609B82299C24300537924 /* DriverSafetyUITests */ = {
			isa = PBXNativeTarget;
			buildConfigurationList = F1D609C82299C24300537924 /* Build configuration list for PBXNativeTarget "DriverSafetyUITests" */;
			buildPhases = (
				F1D609B52299C24300537924 /* Sources */,
				F1D609B62299C24300537924 /* Frameworks */,
				F1D609B72299C24300537924 /* Resources */,
			);
			buildRules = (
			);
			dependencies = (
				F1D609BB2299C24300537924 /* PBXTargetDependency */,
			);
			name = DriverSafetyUITests;
			productName = DriverSafetyUITests;
			productReference = F1D609B92299C24300537924 /* DriverSafetyUITests.xctest */;
			productType = "com.apple.product-type.bundle.ui-testing";
		};
/* End PBXNativeTarget section */

/* Begin PBXProject section */
		F1D609922299C24200537924 /* Project object */ = {
			isa = PBXProject;
			attributes = {
				LastSwiftUpdateCheck = 1000;
				LastUpgradeCheck = 1000;
				ORGANIZATIONNAME = "Jeremy Kim";
				TargetAttributes = {
					F1D609992299C24200537924 = {
						CreatedOnToolsVersion = 10.0;
					};
					F1D609AD2299C24300537924 = {
						CreatedOnToolsVersion = 10.0;
						TestTargetID = F1D609992299C24200537924;
					};
					F1D609B82299C24300537924 = {
						CreatedOnToolsVersion = 10.0;
						TestTargetID = F1D609992299C24200537924;
					};
				};
			};
			buildConfigurationList = F1D609952299C24200537924 /* Build configuration list for PBXProject "DriverSafety" */;
			compatibilityVersion = "Xcode 9.3";
			developmentRegion = en;
			hasScannedForEncodings = 0;
			knownRegions = (
				en,
				Base,
			);
			mainGroup = F1D609912299C24200537924;
			productRefGroup = F1D6099B2299C24300537924 /* Products */;
			projectDirPath = "";
			projectRoot = "";
			targets = (
				F1D609992299C24200537924 /* DriverSafety */,
				F1D609AD2299C24300537924 /* DriverSafetyTests */,
				F1D609B82299C24300537924 /* DriverSafetyUITests */,
			);
		};
/* End PBXProject section */

/* Begin PBXResourcesBuildPhase section */
		F1D609982299C24200537924 /* Resources */ = {
			isa = PBXResourcesBuildPhase;
			buildActionMask = 2147483647;
			files = (
				F1D609A82299C24300537924 /* LaunchScreen.storyboard in Resources */,
				F1D609A52299C24300537924 /* Assets.xcassets in Resources */,
				F12E08DC229A8E210046C681 /* submarine-diving-alarm-daniel_simon.mp3 in Resources */,
				F1D609A32299C24300537924 /* Main.storyboard in Resources */,
			);
			runOnlyForDeploymentPostprocessing = 0;
		};
		F1D609AC2299C24300537924 /* Resources */ = {
			isa = PBXResourcesBuildPhase;
			buildActionMask = 2147483647;
			files = (
			);
			runOnlyForDeploymentPostprocessing = 0;
		};
		F1D609B72299C24300537924 /* Resources */ = {
			isa = PBXResourcesBuildPhase;
			buildActionMask = 2147483647;
			files = (
			);
			runOnlyForDeploymentPostprocessing = 0;
		};
/* End PBXResourcesBuildPhase section */

/* Begin PBXSourcesBuildPhase section */
		F1D609962299C24200537924 /* Sources */ = {
			isa = PBXSourcesBuildPhase;
			buildActionMask = 2147483647;
			files = (
				F1D609A02299C24300537924 /* ViewController.swift in Sources */,
				F1D6099E2299C24300537924 /* AppDelegate.swift in Sources */,
				F1B0697C229A7E64008B69EC /* b5dd14e01247494e92bdcf246451ac2d.mlmodel in Sources */,
			);
			runOnlyForDeploymentPostprocessing = 0;
		};
		F1D609AA2299C24300537924 /* Sources */ = {
			isa = PBXSourcesBuildPhase;
			buildActionMask = 2147483647;
			files = (
				F1D609B32299C24300537924 /* DriverSafetyTests.swift in Sources */,
			);
			runOnlyForDeploymentPostprocessing = 0;
		};
		F1D609B52299C24300537924 /* Sources */ = {
			isa = PBXSourcesBuildPhase;
			buildActionMask = 2147483647;
			files = (
				F1D609BE2299C24300537924 /* DriverSafetyUITests.swift in Sources */,
			);
			runOnlyForDeploymentPostprocessing = 0;
		};
/* End PBXSourcesBuildPhase section */

/* Begin PBXTargetDependency section */
		F1D609B02299C24300537924 /* PBXTargetDependency */ = {
			isa = PBXTargetDependency;
			target = F1D609992299C24200537924 /* DriverSafety */;
			targetProxy = F1D609AF2299C24300537924 /* PBXContainerItemProxy */;
		};
		F1D609BB2299C24300537924 /* PBXTargetDependency */ = {
			isa = PBXTargetDependency;
			target = F1D609992299C24200537924 /* DriverSafety */;
			targetProxy = F1D609BA2299C24300537924 /* PBXContainerItemProxy */;
		};
/* End PBXTargetDependency section */

/* Begin PBXVariantGroup section */
		F1D609A12299C24300537924 /* Main.storyboard */ = {
			isa = PBXVariantGroup;
			children = (
				F1D609A22299C24300537924 /* Base */,
			);
			name = Main.storyboard;
			sourceTree = "<group>";
		};
		F1D609A62299C24300537924 /* LaunchScreen.storyboard */ = {
			isa = PBXVariantGroup;
			children = (
				F1D609A72299C24300537924 /* Base */,
			);
			name = LaunchScreen.storyboard;
			sourceTree = "<group>";
		};
/* End PBXVariantGroup section */

/* Begin XCBuildConfiguration section */
		F1D609C02299C24300537924 /* Debug */ = {
			isa = XCBuildConfiguration;
			buildSettings = {
				ALWAYS_SEARCH_USER_PATHS = NO;
				CLANG_ANALYZER_NONNULL = YES;
				CLANG_ANALYZER_NUMBER_OBJECT_CONVERSION = YES_AGGRESSIVE;
				CLANG_CXX_LANGUAGE_STANDARD = "gnu++14";
				CLANG_CXX_LIBRARY = "libc++";
				CLANG_ENABLE_MODULES = YES;
				CLANG_ENABLE_OBJC_ARC = YES;
				CLANG_ENABLE_OBJC_WEAK = YES;
				CLANG_WARN_BLOCK_CAPTURE_AUTORELEASING = YES;
				CLANG_WARN_BOOL_CONVERSION = YES;
				CLANG_WARN_COMMA = YES;
				CLANG_WARN_CONSTANT_CONVERSION = YES;
				CLANG_WARN_DEPRECATED_OBJC_IMPLEMENTATIONS = YES;
				CLANG_WARN_DIRECT_OBJC_ISA_USAGE = YES_ERROR;
				CLANG_WARN_DOCUMENTATION_COMMENTS = YES;
				CLANG_WARN_EMPTY_BODY = YES;
				CLANG_WARN_ENUM_CONVERSION = YES;
				CLANG_WARN_INFINITE_RECURSION = YES;
				CLANG_WARN_INT_CONVERSION = YES;
				CLANG_WARN_NON_LITERAL_NULL_CONVERSION = YES;
				CLANG_WARN_OBJC_IMPLICIT_RETAIN_SELF = YES;
				CLANG_WARN_OBJC_LITERAL_CONVERSION = YES;
				CLANG_WARN_OBJC_ROOT_CLASS = YES_ERROR;
				CLANG_WARN_RANGE_LOOP_ANALYSIS = YES;
				CLANG_WARN_STRICT_PROTOTYPES = YES;
				CLANG_WARN_SUSPICIOUS_MOVE = YES;
				CLANG_WARN_UNGUARDED_AVAILABILITY = YES_AGGRESSIVE;
				CLANG_WARN_UNREACHABLE_CODE = YES;
				CLANG_WARN__DUPLICATE_METHOD_MATCH = YES;
				CODE_SIGN_IDENTITY = "iPhone Developer";
				COPY_PHASE_STRIP = NO;
				DEBUG_INFORMATION_FORMAT = dwarf;
				ENABLE_STRICT_OBJC_MSGSEND = YES;
				ENABLE_TESTABILITY = YES;
				GCC_C_LANGUAGE_STANDARD = gnu11;
				GCC_DYNAMIC_NO_PIC = NO;
				GCC_NO_COMMON_BLOCKS = YES;
				GCC_OPTIMIZATION_LEVEL = 0;
				GCC_PREPROCESSOR_DEFINITIONS = (
					"DEBUG=1",
					"$(inherited)",
				);
				GCC_WARN_64_TO_32_BIT_CONVERSION = YES;
				GCC_WARN_ABOUT_RETURN_TYPE = YES_ERROR;
				GCC_WARN_UNDECLARED_SELECTOR = YES;
				GCC_WARN_UNINITIALIZED_AUTOS = YES_AGGRESSIVE;
				GCC_WARN_UNUSED_FUNCTION = YES;
				GCC_WARN_UNUSED_VARIABLE = YES;
				IPHONEOS_DEPLOYMENT_TARGET = 12.0;
				MTL_ENABLE_DEBUG_INFO = INCLUDE_SOURCE;
				MTL_FAST_MATH = YES;
				ONLY_ACTIVE_ARCH = YES;
				SDKROOT = iphoneos;
				SWIFT_ACTIVE_COMPILATION_CONDITIONS = DEBUG;
				SWIFT_OPTIMIZATION_LEVEL = "-Onone";
			};
			name = Debug;
		};
		F1D609C12299C24300537924 /* Release */ = {
			isa = XCBuildConfiguration;
			buildSettings = {
				ALWAYS_SEARCH_USER_PATHS = NO;
				CLANG_ANALYZER_NONNULL = YES;
				CLANG_ANALYZER_NUMBER_OBJECT_CONVERSION = YES_AGGRESSIVE;
				CLANG_CXX_LANGUAGE_STANDARD = "gnu++14";
				CLANG_CXX_LIBRARY = "libc++";
				CLANG_ENABLE_MODULES = YES;
				CLANG_ENABLE_OBJC_ARC = YES;
				CLANG_ENABLE_OBJC_WEAK = YES;
				CLANG_WARN_BLOCK_CAPTURE_AUTORELEASING = YES;
				CLANG_WARN_BOOL_CONVERSION = YES;
				CLANG_WARN_COMMA = YES;
				CLANG_WARN_CONSTANT_CONVERSION = YES;
				CLANG_WARN_DEPRECATED_OBJC_IMPLEMENTATIONS = YES;
				CLANG_WARN_DIRECT_OBJC_ISA_USAGE = YES_ERROR;
				CLANG_WARN_DOCUMENTATION_COMMENTS = YES;
				CLANG_WARN_EMPTY_BODY = YES;
				CLANG_WARN_ENUM_CONVERSION = YES;
				CLANG_WARN_INFINITE_RECURSION = YES;
				CLANG_WARN_INT_CONVERSION = YES;
				CLANG_WARN_NON_LITERAL_NULL_CONVERSION = YES;
				CLANG_WARN_OBJC_IMPLICIT_RETAIN_SELF = YES;
				CLANG_WARN_OBJC_LITERAL_CONVERSION = YES;
				CLANG_WARN_OBJC_ROOT_CLASS = YES_ERROR;
				CLANG_WARN_RANGE_LOOP_ANALYSIS = YES;
				CLANG_WARN_STRICT_PROTOTYPES = YES;
				CLANG_WARN_SUSPICIOUS_MOVE = YES;
				CLANG_WARN_UNGUARDED_AVAILABILITY = YES_AGGRESSIVE;
				CLANG_WARN_UNREACHABLE_CODE = YES;
				CLANG_WARN__DUPLICATE_METHOD_MATCH = YES;
				CODE_SIGN_IDENTITY = "iPhone Developer";
				COPY_PHASE_STRIP = NO;
				DEBUG_INFORMATION_FORMAT = "dwarf-with-dsym";
				ENABLE_NS_ASSERTIONS = NO;
				ENABLE_STRICT_OBJC_MSGSEND = YES;
				GCC_C_LANGUAGE_STANDARD = gnu11;
				GCC_NO_COMMON_BLOCKS = YES;
				GCC_WARN_64_TO_32_BIT_CONVERSION = YES;
				GCC_WARN_ABOUT_RETURN_TYPE = YES_ERROR;
				GCC_WARN_UNDECLARED_SELECTOR = YES;
				GCC_WARN_UNINITIALIZED_AUTOS = YES_AGGRESSIVE;
				GCC_WARN_UNUSED_FUNCTION = YES;
				GCC_WARN_UNUSED_VARIABLE = YES;
				IPHONEOS_DEPLOYMENT_TARGET = 12.0;
				MTL_ENABLE_DEBUG_INFO = NO;
				MTL_FAST_MATH = YES;
				SDKROOT = iphoneos;
				SWIFT_COMPILATION_MODE = wholemodule;
				SWIFT_OPTIMIZATION_LEVEL = "-O";
				VALIDATE_PRODUCT = YES;
			};
			name = Release;
		};
		F1D609C32299C24300537924 /* Debug */ = {
			isa = XCBuildConfiguration;
			buildSettings = {
				ASSETCATALOG_COMPILER_APPICON_NAME = AppIcon;
				CODE_SIGN_STYLE = Automatic;
				DEVELOPMENT_TEAM = 66LDH4TG6J;
				INFOPLIST_FILE = DriverSafety/Info.plist;
				IPHONEOS_DEPLOYMENT_TARGET = 12.1;
				LD_RUNPATH_SEARCH_PATHS = (
					"$(inherited)",
					"@executable_path/Frameworks",
				);
				PRODUCT_BUNDLE_IDENTIFIER = jeremykim.DriverSafety;
				PRODUCT_NAME = "$(TARGET_NAME)";
				SWIFT_VERSION = 4.2;
				TARGETED_DEVICE_FAMILY = "1,2";
			};
			name = Debug;
		};
		F1D609C42299C24300537924 /* Release */ = {
			isa = XCBuildConfiguration;
			buildSettings = {
				ASSETCATALOG_COMPILER_APPICON_NAME = AppIcon;
				CODE_SIGN_STYLE = Automatic;
				DEVELOPMENT_TEAM = 66LDH4TG6J;
				INFOPLIST_FILE = DriverSafety/Info.plist;
				IPHONEOS_DEPLOYMENT_TARGET = 12.1;
				LD_RUNPATH_SEARCH_PATHS = (
					"$(inherited)",
					"@executable_path/Frameworks",
				);
				PRODUCT_BUNDLE_IDENTIFIER = jeremykim.DriverSafety;
				PRODUCT_NAME = "$(TARGET_NAME)";
				SWIFT_VERSION = 4.2;
				TARGETED_DEVICE_FAMILY = "1,2";
			};
			name = Release;
		};
		F1D609C62299C24300537924 /* Debug */ = {
			isa = XCBuildConfiguration;
			buildSettings = {
				ALWAYS_EMBED_SWIFT_STANDARD_LIBRARIES = YES;
				BUNDLE_LOADER = "$(TEST_HOST)";
				CODE_SIGN_STYLE = Automatic;
				INFOPLIST_FILE = DriverSafetyTests/Info.plist;
				LD_RUNPATH_SEARCH_PATHS = (
					"$(inherited)",
					"@executable_path/Frameworks",
					"@loader_path/Frameworks",
				);
				PRODUCT_BUNDLE_IDENTIFIER = jeremykim.DriverSafetyTests;
				PRODUCT_NAME = "$(TARGET_NAME)";
				SWIFT_VERSION = 4.2;
				TARGETED_DEVICE_FAMILY = "1,2";
				TEST_HOST = "$(BUILT_PRODUCTS_DIR)/DriverSafety.app/DriverSafety";
			};
			name = Debug;
		};
		F1D609C72299C24300537924 /* Release */ = {
			isa = XCBuildConfiguration;
			buildSettings = {
				ALWAYS_EMBED_SWIFT_STANDARD_LIBRARIES = YES;
				BUNDLE_LOADER = "$(TEST_HOST)";
				CODE_SIGN_STYLE = Automatic;
				INFOPLIST_FILE = DriverSafetyTests/Info.plist;
				LD_RUNPATH_SEARCH_PATHS = (
					"$(inherited)",
					"@executable_path/Frameworks",
					"@loader_path/Frameworks",
				);
				PRODUCT_BUNDLE_IDENTIFIER = jeremykim.DriverSafetyTests;
				PRODUCT_NAME = "$(TARGET_NAME)";
				SWIFT_VERSION = 4.2;
				TARGETED_DEVICE_FAMILY = "1,2";
				TEST_HOST = "$(BUILT_PRODUCTS_DIR)/DriverSafety.app/DriverSafety";
			};
			name = Release;
		};
		F1D609C92299C24300537924 /* Debug */ = {
			isa = XCBuildConfiguration;
			buildSettings = {
				ALWAYS_EMBED_SWIFT_STANDARD_LIBRARIES = YES;
				CODE_SIGN_STYLE = Automatic;
				INFOPLIST_FILE = DriverSafetyUITests/Info.plist;
				LD_RUNPATH_SEARCH_PATHS = (
					"$(inherited)",
					"@executable_path/Frameworks",
					"@loader_path/Frameworks",
				);
				PRODUCT_BUNDLE_IDENTIFIER = jeremykim.DriverSafetyUITests;
				PRODUCT_NAME = "$(TARGET_NAME)";
				SWIFT_VERSION = 4.2;
				TARGETED_DEVICE_FAMILY = "1,2";
				TEST_TARGET_NAME = DriverSafety;
			};
			name = Debug;
		};
		F1D609CA2299C24300537924 /* Release */ = {
			isa = XCBuildConfiguration;
			buildSettings = {
				ALWAYS_EMBED_SWIFT_STANDARD_LIBRARIES = YES;
				CODE_SIGN_STYLE = Automatic;
				INFOPLIST_FILE = DriverSafetyUITests/Info.plist;
				LD_RUNPATH_SEARCH_PATHS = (
					"$(inherited)",
					"@executable_path/Frameworks",
					"@loader_path/Frameworks",
				);
				PRODUCT_BUNDLE_IDENTIFIER = jeremykim.DriverSafetyUITests;
				PRODUCT_NAME = "$(TARGET_NAME)";
				SWIFT_VERSION = 4.2;
				TARGETED_DEVICE_FAMILY = "1,2";
				TEST_TARGET_NAME = DriverSafety;
			};
			name = Release;
		};
/* End XCBuildConfiguration section */

/* Begin XCConfigurationList section */
		F1D609952299C24200537924 /* Build configuration list for PBXProject "DriverSafety" */ = {
			isa = XCConfigurationList;
			buildConfigurations = (
				F1D609C02299C24300537924 /* Debug */,
				F1D609C12299C24300537924 /* Release */,
			);
			defaultConfigurationIsVisible = 0;
			defaultConfigurationName = Release;
		};
		F1D609C22299C24300537924 /* Build configuration list for PBXNativeTarget "DriverSafety" */ = {
			isa = XCConfigurationList;
			buildConfigurations = (
				F1D609C32299C24300537924 /* Debug */,
				F1D609C42299C24300537924 /* Release */,
			);
			defaultConfigurationIsVisible = 0;
			defaultConfigurationName = Release;
		};
		F1D609C52299C24300537924 /* Build configuration list for PBXNativeTarget "DriverSafetyTests" */ = {
			isa = XCConfigurationList;
			buildConfigurations = (
				F1D609C62299C24300537924 /* Debug */,
				F1D609C72299C24300537924 /* Release */,
			);
			defaultConfigurationIsVisible = 0;
			defaultConfigurationName = Release;
		};
		F1D609C82299C24300537924 /* Build configuration list for PBXNativeTarget "DriverSafetyUITests" */ = {
			isa = XCConfigurationList;
			buildConfigurations = (
				F1D609C92299C24300537924 /* Debug */,
				F1D609CA2299C24300537924 /* Release */,
			);
			defaultConfigurationIsVisible = 0;
			defaultConfigurationName = Release;
		};
/* End XCConfigurationList section */
	};
	rootObject = F1D609922299C24200537924 /* Project object */;
}
